# This file is automatically @generated by Cargo.
# It is not intended for manual editing.
version = 4

[[package]]
name = "virust-cli"
version = "0.1.0"

[[package]]
name = "virust-macros"
version = "0.1.0"

[[package]]
name = "virust-protocol"
version = "0.1.0"

[[package]]
name = "virust-runtime"
version = "0.1.0"
